<Solution>
  <Configurations>
    <Platform Name="Any CPU" />
    <Platform Name="x64" />
    <Platform Name="x86" />
  </Configurations>
  <Project Path="PubSubDemo.AppHost/PubSubDemo.AppHost.csproj" />
  <Project Path="PubSubDemo.ServiceDefaults/PubSubDemo.ServiceDefaults.csproj" />
  <Project Path="WorkerService1/WorkerService1.csproj" />
</Solution>
